// !$*UTF8*$!
{
	archiveVersion = 1;
	classes = {
	};
	objectVersion = 48;
	objects = {

/* Begin PBXBuildFile section */
		8EA1498F1FBAB01C00D92A87 /* AppDelegate.m in Sources */ = {isa = PBXBuildFile; fileRef = 8EA1498E1FBAB01C00D92A87 /* AppDelegate.m */; };
		8EA149921FBAB01C00D92A87 /* ViewController.m in Sources */ = {isa = PBXBuildFile; fileRef = 8EA149911FBAB01C00D92A87 /* ViewController.m */; };
		8EA149951FBAB01C00D92A87 /* Main.storyboard in Resources */ = {isa = PBXBuildFile; fileRef = 8EA149931FBAB01C00D92A87 /* Main.storyboard */; };
		8EA149971FBAB01C00D92A87 /* Assets.xcassets in Resources */ = {isa = PBXBuildFile; fileRef = 8EA149961FBAB01C00D92A87 /* Assets.xcassets */; };
		8EA1499A1FBAB01C00D92A87 /* LaunchScreen.storyboard in Resources */ = {isa = PBXBuildFile; fileRef = 8EA149981FBAB01C00D92A87 /* LaunchScreen.storyboard */; };
		8EA1499D1FBAB01C00D92A87 /* main.m in Sources */ = {isa = PBXBuildFile; fileRef = 8EA1499C1FBAB01C00D92A87 /* main.m */; };
		8EA149A61FBAB04800D92A87 /* HYRadix.m in Sources */ = {isa = PBXBuildFile; fileRef = 8EA149A51FBAB04800D92A87 /* HYRadix.m */; };
/* End PBXBuildFile section */

/* Begin PBXFileReference section */
		8EA1498A1FBAB01C00D92A87 /* HYRadix.app */ = {isa = PBXFileReference; explicitFileType = wrapper.application; includeInIndex = 0; path = HYRadix.app; sourceTree = BUILT_PRODUCTS_DIR; };
		8EA1498D1FBAB01C00D92A87 /* AppDelegate.h */ = {isa = PBXFileReference; lastKnownFileType = sourcecode.c.h; path = AppDelegate.h; sourceTree = "<group>"; };
		8EA1498E1FBAB01C00D92A87 /* AppDelegate.m */ = {isa = PBXFileReference; lastKnownFileType = sourcecode.c.objc; path = AppDelegate.m; sourceTree = "<group>"; };
		8EA149901FBAB01C00D92A87 /* ViewController.h */ = {isa = PBXFileReference; lastKnownFileType = sourcecode.c.h; path = ViewController.h; sourceTree = "<group>"; };
		8EA149911FBAB01C00D92A87 /* ViewController.m */ = {isa = PBXFileReference; lastKnownFileType = sourcecode.c.objc; path = ViewController.m; sourceTree = "<group>"; };
		8EA149941FBAB01C00D92A87 /* Base */ = {isa = PBXFileReference; lastKnownFileType = file.storyboard; name = Base; path = Base.lproj/Main.storyboard; sourceTree = "<group>"; };
		8EA149961FBAB01C00D92A87 /* Assets.xcassets */ = {isa = PBXFileReference; lastKnownFileType = folder.assetcatalog; path = Assets.xcassets; sourceTree = "<group>"; };
		8EA149991FBAB01C00D92A87 /* Base */ = {isa = PBXFileReference; lastKnownFileType = file.storyboard; name = Base; path = Base.lproj/LaunchScreen.storyboard; sourceTree = "<group>"; };
		8EA1499B1FBAB01C00D92A87 /* Info.plist */ = {isa = PBXFileReference; lastKnownFileType = text.plist.xml; path = Info.plist; sourceTree = "<group>"; };
		8EA1499C1FBAB01C00D92A87 /* main.m */ = {isa = PBXFileReference; lastKnownFileType = sourcecode.c.objc; path = main.m; sourceTree = "<group>"; };
		8EA149A41FBAB04800D92A87 /* HYRadix.h */ = {isa = PBXFileReference; lastKnownFileType = sourcecode.c.h; path = HYRadix.h; sourceTree = "<group>"; };
		8EA149A51FBAB04800D92A87 /* HYRadix.m */ = {isa = PBXFileReference; lastKnownFileType = sourcecode.c.objc; path = HYRadix.m; sourceTree = "<group>"; };
/* End PBXFileReference section */

/* Begin PBXFrameworksBuildPhase section */
		8EA149871FBAB01C00D92A87 /* Frameworks */ = {
			isa = PBXFrameworksBuildPhase;
			buildActionMask = 2147483647;
			files = (
			);
			runOnlyForDeploymentPostprocessing = 0;
		};
/* End PBXFrameworksBuildPhase section */

/* Begin PBXGroup section */
		8EA149811FBAB01C00D92A87 = {
			isa = PBXGroup;
			children = (
				8EA1498C1FBAB01C00D92A87 /* HYRadix */,
				8EA1498B1FBAB01C00D92A87 /* Products */,
			);
			sourceTree = "<group>";
		};
		8EA1498B1FBAB01C00D92A87 /* Products */ = {
			isa = PBXGroup;
			children = (
				8EA1498A1FBAB01C00D92A87 /* HYRadix.app */,
			);
			name = Products;
			sourceTree = "<group>";
		};
		8EA1498C1FBAB01C00D92A87 /* HYRadix */ = {
			isa = PBXGroup;
			children = (
				8EA149A31FBAB02B00D92A87 /* Radix */,
				8EA1498D1FBAB01C00D92A87 /* AppDelegate.h */,
				8EA1498E1FBAB01C00D92A87 /* AppDelegate.m */,
				8EA149901FBAB01C00D92A87 /* ViewController.h */,
				8EA149911FBAB01C00D92A87 /* ViewController.m */,
				8EA149931FBAB01C00D92A87 /* Main.storyboard */,
				8EA149961FBAB01C00D92A87 /* Assets.xcassets */,
				8EA149981FBAB01C00D92A87 /* LaunchScreen.storyboard */,
				8EA1499B1FBAB01C00D92A87 /* Info.plist */,
				8EA1499C1FBAB01C00D92A87 /* main.m */,
			);
			path = HYRadix;
			sourceTree = "<group>";
		};
		8EA149A31FBAB02B00D92A87 /* Radix */ = {
			isa = PBXGroup;
			children = (
				8EA149A41FBAB04800D92A87 /* HYRadix.h */,
				8EA149A51FBAB04800D92A87 /* HYRadix.m */,
			);
			path = Radix;
			sourceTree = "<group>";
		};
/* End PBXGroup section */

/* Begin PBXNativeTarget section */
		8EA149891FBAB01C00D92A87 /* HYRadix */ = {
			isa = PBXNativeTarget;
			buildConfigurationList = 8EA149A01FBAB01C00D92A87 /* Build configuration list for PBXNativeTarget "HYRadix" */;
			buildPhases = (
				8EA149861FBAB01C00D92A87 /* Sources */,
				8EA149871FBAB01C00D92A87 /* Frameworks */,
				8EA149881FBAB01C00D92A87 /* Resources */,
			);
			buildRules = (
			);
			dependencies = (
			);
			name = HYRadix;
			productName = HYRadix;
			productReference = 8EA1498A1FBAB01C00D92A87 /* HYRadix.app */;
			productType = "com.apple.product-type.application";
		};
/* End PBXNativeTarget section */

/* Begin PBXProject section */
		8EA149821FBAB01C00D92A87 /* Project object */ = {
			isa = PBXProject;
			attributes = {
				LastUpgradeCheck = 0910;
				ORGANIZATIONNAME = ocean;
				TargetAttributes = {
					8EA149891FBAB01C00D92A87 = {
						CreatedOnToolsVersion = 9.1;
						ProvisioningStyle = Automatic;
					};
				};
			};
			buildConfigurationList = 8EA149851FBAB01C00D92A87 /* Build configuration list for PBXProject "HYRadix" */;
			compatibilityVersion = "Xcode 8.0";
			developmentRegion = en;
			hasScannedForEncodings = 0;
			knownRegions = (
				en,
				Base,
			);
			mainGroup = 8EA149811FBAB01C00D92A87;
			productRefGroup = 8EA1498B1FBAB01C00D92A87 /* Products */;
			projectDirPath = "";
			projectRoot = "";
			targets = (
				8EA149891FBAB01C00D92A87 /* HYRadix */,
			);
		};
/* End PBXProject section */

/* Begin PBXResourcesBuildPhase section */
		8EA149881FBAB01C00D92A87 /* Resources */ = {
			isa = PBXResourcesBuildPhase;
			buildActionMask = 2147483647;
			files = (
				8EA1499A1FBAB01C00D92A87 /* LaunchScreen.storyboard in Resources */,
				8EA149971FBAB01C00D92A87 /* Assets.xcassets in Resources */,
				8EA149951FBAB01C00D92A87 /* Main.storyboard in Resources */,
			);
			runOnlyForDeploymentPostprocessing = 0;
		};
/* End PBXResourcesBuildPhase section */

/* Begin PBXSourcesBuildPhase section */
		8EA149861FBAB01C00D92A87 /* Sources */ = {
			isa = PBXSourcesBuildPhase;
			buildActionMask = 2147483647;
			files = (
				8EA149921FBAB01C00D92A87 /* ViewController.m in Sources */,
				8EA149A61FBAB04800D92A87 /* HYRadix.m in Sources */,
				8EA1499D1FBAB01C00D92A87 /* main.m in Sources */,
				8EA1498F1FBAB01C00D92A87 /* AppDelegate.m in Sources */,
			);
			runOnlyForDeploymentPostprocessing = 0;
		};
/* End PBXSourcesBuildPhase section */

/* Begin PBXVariantGroup section */
		8EA149931FBAB01C00D92A87 /* Main.storyboard */ = {
			isa = PBXVariantGroup;
			children = (
				8EA149941FBAB01C00D92A87 /* Base */,
			);
			name = Main.storyboard;
			sourceTree = "<group>";
		};
		8EA149981FBAB01C00D92A87 /* LaunchScreen.storyboard */ = {
			isa = PBXVariantGroup;
			children = (
				8EA149991FBAB01C00D92A87 /* Base */,
			);
			name = LaunchScreen.storyboard;
			sourceTree = "<group>";
		};
/* End PBXVariantGroup section */

/* Begin XCBuildConfiguration section */
		8EA1499E1FBAB01C00D92A87 /* Debug */ = {
			isa = XCBuildConfiguration;
			buildSettings = {
				ALWAYS_SEARCH_USER_PATHS = NO;
				CLANG_ANALYZER_NONNULL = YES;
				CLANG_ANALYZER_NUMBER_OBJECT_CONVERSION = YES_AGGRESSIVE;
				CLANG_CXX_LANGUAGE_STANDARD = "gnu++14";
				CLANG_CXX_LIBRARY = "libc++";
				CLANG_ENABLE_MODULES = YES;
				CLANG_ENABLE_OBJC_ARC = YES;
				CLANG_WARN_BLOCK_CAPTURE_AUTORELEASING = YES;
				CLANG_WARN_BOOL_CONVERSION = YES;
				CLANG_WARN_COMMA = YES;
				CLANG_WARN_CONSTANT_CONVERSION = YES;
				CLANG_WARN_DIRECT_OBJC_ISA_USAGE = YES_ERROR;
				CLANG_WARN_DOCUMENTATION_COMMENTS = YES;
				CLANG_WARN_EMPTY_BODY = YES;
				CLANG_WARN_ENUM_CONVERSION = YES;
				CLANG_WARN_INFINITE_RECURSION = YES;
				CLANG_WARN_INT_CONVERSION = YES;
				CLANG_WARN_NON_LITERAL_NULL_CONVERSION = YES;
				CLANG_WARN_OBJC_LITERAL_CONVERSION = YES;
				CLANG_WARN_OBJC_ROOT_CLASS = YES_ERROR;
				CLANG_WARN_RANGE_LOOP_ANALYSIS = YES;
				CLANG_WARN_STRICT_PROTOTYPES = YES;
				CLANG_WARN_SUSPICIOUS_MOVE = YES;
				CLANG_WARN_UNGUARDED_AVAILABILITY = YES_AGGRESSIVE;
				CLANG_WARN_UNREACHABLE_CODE = YES;
				CLANG_WARN__DUPLICATE_METHOD_MATCH = YES;
				CODE_SIGN_IDENTITY = "iPhone Developer";
				COPY_PHASE_STRIP = NO;
				DEBUG_INFORMATION_FORMAT = dwarf;
				ENABLE_STRICT_OBJC_MSGSEND = YES;
				ENABLE_TESTABILITY = YES;
				GCC_C_LANGUAGE_STANDARD = gnu11;
				GCC_DYNAMIC_NO_PIC = NO;
				GCC_NO_COMMON_BLOCKS = YES;
				GCC_OPTIMIZATION_LEVEL = 0;
				GCC_PREPROCESSOR_DEFINITIONS = (
					"DEBUG=1",
					"$(inherited)",
				);
				GCC_WARN_64_TO_32_BIT_CONVERSION = YES;
				GCC_WARN_ABOUT_RETURN_TYPE = YES_ERROR;
				GCC_WARN_UNDECLARED_SELECTOR = YES;
				GCC_WARN_UNINITIALIZED_AUTOS = YES_AGGRESSIVE;
				GCC_WARN_UNUSED_FUNCTION = YES;
				GCC_WARN_UNUSED_VARIABLE = YES;
				IPHONEOS_DEPLOYMENT_TARGET = 11.1;
				MTL_ENABLE_DEBUG_INFO = YES;
				ONLY_ACTIVE_ARCH = YES;
				SDKROOT = iphoneos;
			};
			name = Debug;
		};
		8EA1499F1FBAB01C00D92A87 /* Release */ = {
			isa = XCBuildConfiguration;
			buildSettings = {
				ALWAYS_SEARCH_USER_PATHS = NO;
				CLANG_ANALYZER_NONNULL = YES;
				CLANG_ANALYZER_NUMBER_OBJECT_CONVERSION = YES_AGGRESSIVE;
				CLANG_CXX_LANGUAGE_STANDARD = "gnu++14";
				CLANG_CXX_LIBRARY = "libc++";
				CLANG_ENABLE_MODULES = YES;
				CLANG_ENABLE_OBJC_ARC = YES;
				CLANG_WARN_BLOCK_CAPTURE_AUTORELEASING = YES;
				CLANG_WARN_BOOL_CONVERSION = YES;
				CLANG_WARN_COMMA = YES;
				CLANG_WARN_CONSTANT_CONVERSION = YES;
				CLANG_WARN_DIRECT_OBJC_ISA_USAGE = YES_ERROR;
				CLANG_WARN_DOCUMENTATION_COMMENTS = YES;
				CLANG_WARN_EMPTY_BODY = YES;
				CLANG_WARN_ENUM_CONVERSION = YES;
				CLANG_WARN_INFINITE_RECURSION = YES;
				CLANG_WARN_INT_CONVERSION = YES;
				CLANG_WARN_NON_LITERAL_NULL_CONVERSION = YES;
				CLANG_WARN_OBJC_LITERAL_CONVERSION = YES;
				CLANG_WARN_OBJC_ROOT_CLASS = YES_ERROR;
				CLANG_WARN_RANGE_LOOP_ANALYSIS = YES;
				CLANG_WARN_STRICT_PROTOTYPES = YES;
				CLANG_WARN_SUSPICIOUS_MOVE = YES;
				CLANG_WARN_UNGUARDED_AVAILABILITY = YES_AGGRESSIVE;
				CLANG_WARN_UNREACHABLE_CODE = YES;
				CLANG_WARN__DUPLICATE_METHOD_MATCH = YES;
				CODE_SIGN_IDENTITY = "iPhone Developer";
				COPY_PHASE_STRIP = NO;
				DEBUG_INFORMATION_FORMAT = "dwarf-with-dsym";
				ENABLE_NS_ASSERTIONS = NO;
				ENABLE_STRICT_OBJC_MSGSEND = YES;
				GCC_C_LANGUAGE_STANDARD = gnu11;
				GCC_NO_COMMON_BLOCKS = YES;
				GCC_WARN_64_TO_32_BIT_CONVERSION = YES;
				GCC_WARN_ABOUT_RETURN_TYPE = YES_ERROR;
				GCC_WARN_UNDECLARED_SELECTOR = YES;
				GCC_WARN_UNINITIALIZED_AUTOS = YES_AGGRESSIVE;
				GCC_WARN_UNUSED_FUNCTION = YES;
				GCC_WARN_UNUSED_VARIABLE = YES;
				IPHONEOS_DEPLOYMENT_TARGET = 11.1;
				MTL_ENABLE_DEBUG_INFO = NO;
				SDKROOT = iphoneos;
				VALIDATE_PRODUCT = YES;
			};
			name = Release;
		};
		8EA149A11FBAB01C00D92A87 /* Debug */ = {
			isa = XCBuildConfiguration;
			buildSettings = {
				ASSETCATALOG_COMPILER_APPICON_NAME = AppIcon;
				CODE_SIGN_STYLE = Automatic;
				INFOPLIST_FILE = HYRadix/Info.plist;
				LD_RUNPATH_SEARCH_PATHS = "$(inherited) @executable_path/Frameworks";
				PRODUCT_BUNDLE_IDENTIFIER = ocean.HYRadix;
				PRODUCT_NAME = "$(TARGET_NAME)";
				TARGETED_DEVICE_FAMILY = "1,2";
			};
			name = Debug;
		};
		8EA149A21FBAB01C00D92A87 /* Release */ = {
			isa = XCBuildConfiguration;
			buildSettings = {
				ASSETCATALOG_COMPILER_APPICON_NAME = AppIcon;
				CODE_SIGN_STYLE = Automatic;
				INFOPLIST_FILE = HYRadix/Info.plist;
				LD_RUNPATH_SEARCH_PATHS = "$(inherited) @executable_path/Frameworks";
				PRODUCT_BUNDLE_IDENTIFIER = ocean.HYRadix;
				PRODUCT_NAME = "$(TARGET_NAME)";
				TARGETED_DEVICE_FAMILY = "1,2";
			};
			name = Release;
		};
/* End XCBuildConfiguration section */

/* Begin XCConfigurationList section */
		8EA149851FBAB01C00D92A87 /* Build configuration list for PBXProject "HYRadix" */ = {
			isa = XCConfigurationList;
			buildConfigurations = (
				8EA1499E1FBAB01C00D92A87 /* Debug */,
				8EA1499F1FBAB01C00D92A87 /* Release */,
			);
			defaultConfigurationIsVisible = 0;
			defaultConfigurationName = Release;
		};
		8EA149A01FBAB01C00D92A87 /* Build configuration list for PBXNativeTarget "HYRadix" */ = {
			isa = XCConfigurationList;
			buildConfigurations = (
				8EA149A11FBAB01C00D92A87 /* Debug */,
				8EA149A21FBAB01C00D92A87 /* Release */,
			);
			defaultConfigurationIsVisible = 0;
			defaultConfigurationName = Release;
		};
/* End XCConfigurationList section */
	};
	rootObject = 8EA149821FBAB01C00D92A87 /* Project object */;
}
